
Microsoft Visual Studio Solution File, Format Version 12.00
# Visual Studio Version 16
VisualStudioVersion = 16.0.30320.27
MinimumVisualStudioVersion = 10.0.40219.1
Project("{FAE04EC0-301F-11D3-BF4B-00C04F79EFBC}") = "API.HashGame", "API.HashGame\API.HashGame.csproj", "{228F1F4A-B2B7-4AFD-887D-1F269F3C0221}"
EndProject
Project("{FAE04EC0-301F-11D3-BF4B-00C04F79EFBC}") = "API.HashGame.Data", "API.HashGame.Data\API.HashGame.Data.csproj", "{6EABFC0F-3ECB-4FE3-BD87-F75F5961C313}"
EndProject
Project("{FAE04EC0-301F-11D3-BF4B-00C04F79EFBC}") = "API.HashGame.Services", "API.HashGame.Service\API.HashGame.Services.csproj", "{984F5C24-F913-4FC8-B1D9-E33291651516}"
EndProject
Global
	GlobalSection(SolutionConfigurationPlatforms) = preSolution
		Debug|Any CPU = Debug|Any CPU
		Release|Any CPU = Release|Any CPU
	EndGlobalSection
	GlobalSection(ProjectConfigurationPlatforms) = postSolution
		{228F1F4A-B2B7-4AFD-887D-1F269F3C0221}.Debug|Any CPU.ActiveCfg = Debug|Any CPU
		{228F1F4A-B2B7-4AFD-887D-1F269F3C0221}.Debug|Any CPU.Build.0 = Debug|Any CPU
		{228F1F4A-B2B7-4AFD-887D-1F269F3C0221}.Release|Any CPU.ActiveCfg = Release|Any CPU
		{228F1F4A-B2B7-4AFD-887D-1F269F3C0221}.Release|Any CPU.Build.0 = Release|Any CPU
		{6EABFC0F-3ECB-4FE3-BD87-F75F5961C313}.Debug|Any CPU.ActiveCfg = Debug|Any CPU
		{6EABFC0F-3ECB-4FE3-BD87-F75F5961C313}.Debug|Any CPU.Build.0 = Debug|Any CPU
		{6EABFC0F-3ECB-4FE3-BD87-F75F5961C313}.Release|Any CPU.ActiveCfg = Release|Any CPU
		{6EABFC0F-3ECB-4FE3-BD87-F75F5961C313}.Release|Any CPU.Build.0 = Release|Any CPU
		{984F5C24-F913-4FC8-B1D9-E33291651516}.Debug|Any CPU.ActiveCfg = Debug|Any CPU
		{984F5C24-F913-4FC8-B1D9-E33291651516}.Debug|Any CPU.Build.0 = Debug|Any CPU
		{984F5C24-F913-4FC8-B1D9-E33291651516}.Release|Any CPU.ActiveCfg = Release|Any CPU
		{984F5C24-F913-4FC8-B1D9-E33291651516}.Release|Any CPU.Build.0 = Release|Any CPU
	EndGlobalSection
	GlobalSection(SolutionProperties) = preSolution
		HideSolutionNode = FALSE
	EndGlobalSection
	GlobalSection(ExtensibilityGlobals) = postSolution
		SolutionGuid = {BA3804EB-83D4-45C5-A96C-E819167F7CDD}
	EndGlobalSection
EndGlobal
